
Microsoft Visual Studio Solution File, Format Version 12.00
# Visual Studio Version 17
VisualStudioVersion = 17.7.34202.233
MinimumVisualStudioVersion = 10.0.40219.1
Project("{FAE04EC0-301F-11D3-BF4B-00C04F79EFBC}") = "AdoNet2", "AdoNet2\AdoNet2.csproj", "{A10B46E3-761D-4854-ACDC-6778CEFB3AE4}"
EndProject
Global
	GlobalSection(SolutionConfigurationPlatforms) = preSolution
		Debug|Any CPU = Debug|Any CPU
		Release|Any CPU = Release|Any CPU
	EndGlobalSection
	GlobalSection(ProjectConfigurationPlatforms) = postSolution
		{A10B46E3-761D-4854-ACDC-6778CEFB3AE4}.Debug|Any CPU.ActiveCfg = Debug|Any CPU
		{A10B46E3-761D-4854-ACDC-6778CEFB3AE4}.Debug|Any CPU.Build.0 = Debug|Any CPU
		{A10B46E3-761D-4854-ACDC-6778CEFB3AE4}.Release|Any CPU.ActiveCfg = Release|Any CPU
		{A10B46E3-761D-4854-ACDC-6778CEFB3AE4}.Release|Any CPU.Build.0 = Release|Any CPU
	EndGlobalSection
	GlobalSection(SolutionProperties) = preSolution
		HideSolutionNode = FALSE
	EndGlobalSection
	GlobalSection(ExtensibilityGlobals) = postSolution
		SolutionGuid = {3C3FB588-018D-4AAE-A770-DCBB1FA67EC7}
	EndGlobalSection
EndGlobal
